// !$*UTF8*$!
{
	archiveVersion = 1;
	classes = {
	};
	objectVersion = 51;
	objects = {

/* Begin PBXBuildFile section */
		0919477E2407BB7500463E81 /* AppDelegate.swift in Sources */ = {isa = PBXBuildFile; fileRef = 0919477D2407BB7500463E81 /* AppDelegate.swift */; };
		091947802407BB7500463E81 /* SceneDelegate.swift in Sources */ = {isa = PBXBuildFile; fileRef = 0919477F2407BB7500463E81 /* SceneDelegate.swift */; };
		091947852407BB7500463E81 /* Main.storyboard in Resources */ = {isa = PBXBuildFile; fileRef = 091947832407BB7500463E81 /* Main.storyboard */; };
		091947872407BB7800463E81 /* Assets.xcassets in Resources */ = {isa = PBXBuildFile; fileRef = 091947862407BB7800463E81 /* Assets.xcassets */; };
		0919478A2407BB7800463E81 /* LaunchScreen.storyboard in Resources */ = {isa = PBXBuildFile; fileRef = 091947882407BB7800463E81 /* LaunchScreen.storyboard */; };
		09F3EE6A2407BDF800AAEE7A /* SWRevealViewController.m in Sources */ = {isa = PBXBuildFile; fileRef = 09F3EE692407BDF800AAEE7A /* SWRevealViewController.m */; };
		09F3EE6F2407C01100AAEE7A /* ChatVC.swift in Sources */ = {isa = PBXBuildFile; fileRef = 09F3EE6E2407C01100AAEE7A /* ChatVC.swift */; };
		09F3EE712407C02600AAEE7A /* ChannelVC.swift in Sources */ = {isa = PBXBuildFile; fileRef = 09F3EE702407C02600AAEE7A /* ChannelVC.swift */; };
		09F3EE73240AA43A00AAEE7A /* GradientView.swift in Sources */ = {isa = PBXBuildFile; fileRef = 09F3EE72240AA43A00AAEE7A /* GradientView.swift */; };
		09F3EE78240AAF4100AAEE7A /* Constants.swift in Sources */ = {isa = PBXBuildFile; fileRef = 09F3EE77240AAF4100AAEE7A /* Constants.swift */; };
		09F3EE7A240AB4CA00AAEE7A /* LoginVC.swift in Sources */ = {isa = PBXBuildFile; fileRef = 09F3EE79240AB4CA00AAEE7A /* LoginVC.swift */; };
		09F3EE7C240AB66A00AAEE7A /* CreateAccountVC.swift in Sources */ = {isa = PBXBuildFile; fileRef = 09F3EE7B240AB66A00AAEE7A /* CreateAccountVC.swift */; };
		78AD665B023E66220FA88703 /* Pods_Smack.framework in Frameworks */ = {isa = PBXBuildFile; fileRef = ADA7661B17CEEA3F5F2F7977 /* Pods_Smack.framework */; };
/* End PBXBuildFile section */

/* Begin PBXFileReference section */
		0919477A2407BB7500463E81 /* Smack.app */ = {isa = PBXFileReference; explicitFileType = wrapper.application; includeInIndex = 0; path = Smack.app; sourceTree = BUILT_PRODUCTS_DIR; };
		0919477D2407BB7500463E81 /* AppDelegate.swift */ = {isa = PBXFileReference; lastKnownFileType = sourcecode.swift; path = AppDelegate.swift; sourceTree = "<group>"; };
		0919477F2407BB7500463E81 /* SceneDelegate.swift */ = {isa = PBXFileReference; lastKnownFileType = sourcecode.swift; path = SceneDelegate.swift; sourceTree = "<group>"; };
		091947842407BB7500463E81 /* Base */ = {isa = PBXFileReference; lastKnownFileType = file.storyboard; name = Base; path = Base.lproj/Main.storyboard; sourceTree = "<group>"; };
		091947862407BB7800463E81 /* Assets.xcassets */ = {isa = PBXFileReference; lastKnownFileType = folder.assetcatalog; path = Assets.xcassets; sourceTree = "<group>"; };
		091947892407BB7800463E81 /* Base */ = {isa = PBXFileReference; lastKnownFileType = file.storyboard; name = Base; path = Base.lproj/LaunchScreen.storyboard; sourceTree = "<group>"; };
		0919478B2407BB7800463E81 /* Info.plist */ = {isa = PBXFileReference; lastKnownFileType = text.plist.xml; path = Info.plist; sourceTree = "<group>"; };
		09F3EE672407BDF700AAEE7A /* Smack-Bridging-Header.h */ = {isa = PBXFileReference; lastKnownFileType = sourcecode.c.h; path = "Smack-Bridging-Header.h"; sourceTree = "<group>"; };
		09F3EE682407BDF800AAEE7A /* SWRevealViewController.h */ = {isa = PBXFileReference; fileEncoding = 4; lastKnownFileType = sourcecode.c.h; path = SWRevealViewController.h; sourceTree = "<group>"; };
		09F3EE692407BDF800AAEE7A /* SWRevealViewController.m */ = {isa = PBXFileReference; fileEncoding = 4; lastKnownFileType = sourcecode.c.objc; path = SWRevealViewController.m; sourceTree = "<group>"; };
		09F3EE6E2407C01100AAEE7A /* ChatVC.swift */ = {isa = PBXFileReference; lastKnownFileType = sourcecode.swift; path = ChatVC.swift; sourceTree = "<group>"; };
		09F3EE702407C02600AAEE7A /* ChannelVC.swift */ = {isa = PBXFileReference; lastKnownFileType = sourcecode.swift; path = ChannelVC.swift; sourceTree = "<group>"; };
		09F3EE72240AA43A00AAEE7A /* GradientView.swift */ = {isa = PBXFileReference; lastKnownFileType = sourcecode.swift; path = GradientView.swift; sourceTree = "<group>"; };
		09F3EE77240AAF4100AAEE7A /* Constants.swift */ = {isa = PBXFileReference; lastKnownFileType = sourcecode.swift; path = Constants.swift; sourceTree = "<group>"; };
		09F3EE79240AB4CA00AAEE7A /* LoginVC.swift */ = {isa = PBXFileReference; lastKnownFileType = sourcecode.swift; path = LoginVC.swift; sourceTree = "<group>"; };
		09F3EE7B240AB66A00AAEE7A /* CreateAccountVC.swift */ = {isa = PBXFileReference; lastKnownFileType = sourcecode.swift; path = CreateAccountVC.swift; sourceTree = "<group>"; };
		27DE33BCD9B43F9EBE142C96 /* Pods-Smack.debug.xcconfig */ = {isa = PBXFileReference; includeInIndex = 1; lastKnownFileType = text.xcconfig; name = "Pods-Smack.debug.xcconfig"; path = "Target Support Files/Pods-Smack/Pods-Smack.debug.xcconfig"; sourceTree = "<group>"; };
		750B3BA64C8BAC4889D01F5F /* Pods-Smack.release.xcconfig */ = {isa = PBXFileReference; includeInIndex = 1; lastKnownFileType = text.xcconfig; name = "Pods-Smack.release.xcconfig"; path = "Target Support Files/Pods-Smack/Pods-Smack.release.xcconfig"; sourceTree = "<group>"; };
		ADA7661B17CEEA3F5F2F7977 /* Pods_Smack.framework */ = {isa = PBXFileReference; explicitFileType = wrapper.framework; includeInIndex = 0; path = Pods_Smack.framework; sourceTree = BUILT_PRODUCTS_DIR; };
/* End PBXFileReference section */

/* Begin PBXFrameworksBuildPhase section */
		091947772407BB7500463E81 /* Frameworks */ = {
			isa = PBXFrameworksBuildPhase;
			buildActionMask = 2147483647;
			files = (
				78AD665B023E66220FA88703 /* Pods_Smack.framework in Frameworks */,
			);
			runOnlyForDeploymentPostprocessing = 0;
		};
/* End PBXFrameworksBuildPhase section */

/* Begin PBXGroup section */
		091947712407BB7500463E81 = {
			isa = PBXGroup;
			children = (
				0919477C2407BB7500463E81 /* Smack */,
				0919477B2407BB7500463E81 /* Products */,
				F069AA3B825EA302E4279BB3 /* Pods */,
				7FEDB7BD9EA8724642607209 /* Frameworks */,
			);
			sourceTree = "<group>";
		};
		0919477B2407BB7500463E81 /* Products */ = {
			isa = PBXGroup;
			children = (
				0919477A2407BB7500463E81 /* Smack.app */,
			);
			name = Products;
			sourceTree = "<group>";
		};
		0919477C2407BB7500463E81 /* Smack */ = {
			isa = PBXGroup;
			children = (
				09F3EE74240AAF0500AAEE7A /* Utilities */,
				09F3EE6D2407BFE300AAEE7A /* Model */,
				09F3EE6C2407BFDD00AAEE7A /* View */,
				09F3EE6B2407BFDA00AAEE7A /* Controller */,
				09F3EE662407BDDD00AAEE7A /* Supporting Files */,
				0919477D2407BB7500463E81 /* AppDelegate.swift */,
				0919477F2407BB7500463E81 /* SceneDelegate.swift */,
				091947832407BB7500463E81 /* Main.storyboard */,
				091947862407BB7800463E81 /* Assets.xcassets */,
				091947882407BB7800463E81 /* LaunchScreen.storyboard */,
				0919478B2407BB7800463E81 /* Info.plist */,
			);
			path = Smack;
			sourceTree = "<group>";
		};
		09F3EE662407BDDD00AAEE7A /* Supporting Files */ = {
			isa = PBXGroup;
			children = (
				09F3EE682407BDF800AAEE7A /* SWRevealViewController.h */,
				09F3EE692407BDF800AAEE7A /* SWRevealViewController.m */,
				09F3EE672407BDF700AAEE7A /* Smack-Bridging-Header.h */,
			);
			path = "Supporting Files";
			sourceTree = "<group>";
		};
		09F3EE6B2407BFDA00AAEE7A /* Controller */ = {
			isa = PBXGroup;
			children = (
				09F3EE6E2407C01100AAEE7A /* ChatVC.swift */,
				09F3EE702407C02600AAEE7A /* ChannelVC.swift */,
				09F3EE79240AB4CA00AAEE7A /* LoginVC.swift */,
				09F3EE7B240AB66A00AAEE7A /* CreateAccountVC.swift */,
			);
			name = Controller;
			path = ..;
			sourceTree = "<group>";
		};
		09F3EE6C2407BFDD00AAEE7A /* View */ = {
			isa = PBXGroup;
			children = (
				09F3EE72240AA43A00AAEE7A /* GradientView.swift */,
			);
			path = View;
			sourceTree = "<group>";
		};
		09F3EE6D2407BFE300AAEE7A /* Model */ = {
			isa = PBXGroup;
			children = (
			);
			path = Model;
			sourceTree = "<group>";
		};
		09F3EE74240AAF0500AAEE7A /* Utilities */ = {
			isa = PBXGroup;
			children = (
				09F3EE77240AAF4100AAEE7A /* Constants.swift */,
			);
			path = Utilities;
			sourceTree = "<group>";
		};
		7FEDB7BD9EA8724642607209 /* Frameworks */ = {
			isa = PBXGroup;
			children = (
				ADA7661B17CEEA3F5F2F7977 /* Pods_Smack.framework */,
			);
			name = Frameworks;
			sourceTree = "<group>";
		};
		F069AA3B825EA302E4279BB3 /* Pods */ = {
			isa = PBXGroup;
			children = (
				27DE33BCD9B43F9EBE142C96 /* Pods-Smack.debug.xcconfig */,
				750B3BA64C8BAC4889D01F5F /* Pods-Smack.release.xcconfig */,
			);
			path = Pods;
			sourceTree = "<group>";
		};
/* End PBXGroup section */

/* Begin PBXNativeTarget section */
		091947792407BB7500463E81 /* Smack */ = {
			isa = PBXNativeTarget;
			buildConfigurationList = 0919478E2407BB7800463E81 /* Build configuration list for PBXNativeTarget "Smack" */;
			buildPhases = (
				C13619A92F75EBBDA2F5677D /* [CP] Check Pods Manifest.lock */,
				091947762407BB7500463E81 /* Sources */,
				091947772407BB7500463E81 /* Frameworks */,
				091947782407BB7500463E81 /* Resources */,
				3C4EB2DFFC2430F91EEFB334 /* [CP] Embed Pods Frameworks */,
			);
			buildRules = (
			);
			dependencies = (
			);
			name = Smack;
			productName = Smack;
			productReference = 0919477A2407BB7500463E81 /* Smack.app */;
			productType = "com.apple.product-type.application";
		};
/* End PBXNativeTarget section */

/* Begin PBXProject section */
		091947722407BB7500463E81 /* Project object */ = {
			isa = PBXProject;
			attributes = {
				LastSwiftUpdateCheck = 1130;
				LastUpgradeCheck = 1130;
				ORGANIZATIONNAME = Bilgutei;
				TargetAttributes = {
					091947792407BB7500463E81 = {
						CreatedOnToolsVersion = 11.3.1;
						LastSwiftMigration = 1130;
					};
				};
			};
			buildConfigurationList = 091947752407BB7500463E81 /* Build configuration list for PBXProject "Smack" */;
			compatibilityVersion = "Xcode 9.3";
			developmentRegion = en;
			hasScannedForEncodings = 0;
			knownRegions = (
				en,
				Base,
			);
			mainGroup = 091947712407BB7500463E81;
			productRefGroup = 0919477B2407BB7500463E81 /* Products */;
			projectDirPath = "";
			projectRoot = "";
			targets = (
				091947792407BB7500463E81 /* Smack */,
			);
		};
/* End PBXProject section */

/* Begin PBXResourcesBuildPhase section */
		091947782407BB7500463E81 /* Resources */ = {
			isa = PBXResourcesBuildPhase;
			buildActionMask = 2147483647;
			files = (
				0919478A2407BB7800463E81 /* LaunchScreen.storyboard in Resources */,
				091947872407BB7800463E81 /* Assets.xcassets in Resources */,
				091947852407BB7500463E81 /* Main.storyboard in Resources */,
			);
			runOnlyForDeploymentPostprocessing = 0;
		};
/* End PBXResourcesBuildPhase section */

/* Begin PBXShellScriptBuildPhase section */
		3C4EB2DFFC2430F91EEFB334 /* [CP] Embed Pods Frameworks */ = {
			isa = PBXShellScriptBuildPhase;
			buildActionMask = 2147483647;
			files = (
			);
			inputFileListPaths = (
				"${PODS_ROOT}/Target Support Files/Pods-Smack/Pods-Smack-frameworks-${CONFIGURATION}-input-files.xcfilelist",
			);
			name = "[CP] Embed Pods Frameworks";
			outputFileListPaths = (
				"${PODS_ROOT}/Target Support Files/Pods-Smack/Pods-Smack-frameworks-${CONFIGURATION}-output-files.xcfilelist",
			);
			runOnlyForDeploymentPostprocessing = 0;
			shellPath = /bin/sh;
			shellScript = "\"${PODS_ROOT}/Target Support Files/Pods-Smack/Pods-Smack-frameworks.sh\"\n";
			showEnvVarsInLog = 0;
		};
		C13619A92F75EBBDA2F5677D /* [CP] Check Pods Manifest.lock */ = {
			isa = PBXShellScriptBuildPhase;
			buildActionMask = 2147483647;
			files = (
			);
			inputFileListPaths = (
			);
			inputPaths = (
				"${PODS_PODFILE_DIR_PATH}/Podfile.lock",
				"${PODS_ROOT}/Manifest.lock",
			);
			name = "[CP] Check Pods Manifest.lock";
			outputFileListPaths = (
			);
			outputPaths = (
				"$(DERIVED_FILE_DIR)/Pods-Smack-checkManifestLockResult.txt",
			);
			runOnlyForDeploymentPostprocessing = 0;
			shellPath = /bin/sh;
			shellScript = "diff \"${PODS_PODFILE_DIR_PATH}/Podfile.lock\" \"${PODS_ROOT}/Manifest.lock\" > /dev/null\nif [ $? != 0 ] ; then\n    # print error to STDERR\n    echo \"error: The sandbox is not in sync with the Podfile.lock. Run 'pod install' or update your CocoaPods installation.\" >&2\n    exit 1\nfi\n# This output is used by Xcode 'outputs' to avoid re-running this script phase.\necho \"SUCCESS\" > \"${SCRIPT_OUTPUT_FILE_0}\"\n";
			showEnvVarsInLog = 0;
		};
/* End PBXShellScriptBuildPhase section */

/* Begin PBXSourcesBuildPhase section */
		091947762407BB7500463E81 /* Sources */ = {
			isa = PBXSourcesBuildPhase;
			buildActionMask = 2147483647;
			files = (
				09F3EE6F2407C01100AAEE7A /* ChatVC.swift in Sources */,
				0919477E2407BB7500463E81 /* AppDelegate.swift in Sources */,
				09F3EE7A240AB4CA00AAEE7A /* LoginVC.swift in Sources */,
				09F3EE73240AA43A00AAEE7A /* GradientView.swift in Sources */,
				091947802407BB7500463E81 /* SceneDelegate.swift in Sources */,
				09F3EE7C240AB66A00AAEE7A /* CreateAccountVC.swift in Sources */,
				09F3EE78240AAF4100AAEE7A /* Constants.swift in Sources */,
				09F3EE6A2407BDF800AAEE7A /* SWRevealViewController.m in Sources */,
				09F3EE712407C02600AAEE7A /* ChannelVC.swift in Sources */,
			);
			runOnlyForDeploymentPostprocessing = 0;
		};
/* End PBXSourcesBuildPhase section */

/* Begin PBXVariantGroup section */
		091947832407BB7500463E81 /* Main.storyboard */ = {
			isa = PBXVariantGroup;
			children = (
				091947842407BB7500463E81 /* Base */,
			);
			name = Main.storyboard;
			sourceTree = "<group>";
		};
		091947882407BB7800463E81 /* LaunchScreen.storyboard */ = {
			isa = PBXVariantGroup;
			children = (
				091947892407BB7800463E81 /* Base */,
			);
			name = LaunchScreen.storyboard;
			sourceTree = "<group>";
		};
/* End PBXVariantGroup section */

/* Begin XCBuildConfiguration section */
		0919478C2407BB7800463E81 /* Debug */ = {
			isa = XCBuildConfiguration;
			buildSettings = {
				ALWAYS_SEARCH_USER_PATHS = NO;
				CLANG_ANALYZER_NONNULL = YES;
				CLANG_ANALYZER_NUMBER_OBJECT_CONVERSION = YES_AGGRESSIVE;
				CLANG_CXX_LANGUAGE_STANDARD = "gnu++14";
				CLANG_CXX_LIBRARY = "libc++";
				CLANG_ENABLE_MODULES = YES;
				CLANG_ENABLE_OBJC_ARC = YES;
				CLANG_ENABLE_OBJC_WEAK = YES;
				CLANG_WARN_BLOCK_CAPTURE_AUTORELEASING = YES;
				CLANG_WARN_BOOL_CONVERSION = YES;
				CLANG_WARN_COMMA = YES;
				CLANG_WARN_CONSTANT_CONVERSION = YES;
				CLANG_WARN_DEPRECATED_OBJC_IMPLEMENTATIONS = YES;
				CLANG_WARN_DIRECT_OBJC_ISA_USAGE = YES_ERROR;
				CLANG_WARN_DOCUMENTATION_COMMENTS = YES;
				CLANG_WARN_EMPTY_BODY = YES;
				CLANG_WARN_ENUM_CONVERSION = YES;
				CLANG_WARN_INFINITE_RECURSION = YES;
				CLANG_WARN_INT_CONVERSION = YES;
				CLANG_WARN_NON_LITERAL_NULL_CONVERSION = YES;
				CLANG_WARN_OBJC_IMPLICIT_RETAIN_SELF = YES;
				CLANG_WARN_OBJC_LITERAL_CONVERSION = YES;
				CLANG_WARN_OBJC_ROOT_CLASS = YES_ERROR;
				CLANG_WARN_RANGE_LOOP_ANALYSIS = YES;
				CLANG_WARN_STRICT_PROTOTYPES = YES;
				CLANG_WARN_SUSPICIOUS_MOVE = YES;
				CLANG_WARN_UNGUARDED_AVAILABILITY = YES_AGGRESSIVE;
				CLANG_WARN_UNREACHABLE_CODE = YES;
				CLANG_WARN__DUPLICATE_METHOD_MATCH = YES;
				COPY_PHASE_STRIP = NO;
				DEBUG_INFORMATION_FORMAT = dwarf;
				ENABLE_STRICT_OBJC_MSGSEND = YES;
				ENABLE_TESTABILITY = YES;
				GCC_C_LANGUAGE_STANDARD = gnu11;
				GCC_DYNAMIC_NO_PIC = NO;
				GCC_NO_COMMON_BLOCKS = YES;
				GCC_OPTIMIZATION_LEVEL = 0;
				GCC_PREPROCESSOR_DEFINITIONS = (
					"DEBUG=1",
					"$(inherited)",
				);
				GCC_WARN_64_TO_32_BIT_CONVERSION = YES;
				GCC_WARN_ABOUT_RETURN_TYPE = YES_ERROR;
				GCC_WARN_UNDECLARED_SELECTOR = YES;
				GCC_WARN_UNINITIALIZED_AUTOS = YES_AGGRESSIVE;
				GCC_WARN_UNUSED_FUNCTION = YES;
				GCC_WARN_UNUSED_VARIABLE = YES;
				IPHONEOS_DEPLOYMENT_TARGET = 13.2;
				MTL_ENABLE_DEBUG_INFO = INCLUDE_SOURCE;
				MTL_FAST_MATH = YES;
				ONLY_ACTIVE_ARCH = YES;
				SDKROOT = iphoneos;
				SWIFT_ACTIVE_COMPILATION_CONDITIONS = DEBUG;
				SWIFT_OPTIMIZATION_LEVEL = "-Onone";
			};
			name = Debug;
		};
		0919478D2407BB7800463E81 /* Release */ = {
			isa = XCBuildConfiguration;
			buildSettings = {
				ALWAYS_SEARCH_USER_PATHS = NO;
				CLANG_ANALYZER_NONNULL = YES;
				CLANG_ANALYZER_NUMBER_OBJECT_CONVERSION = YES_AGGRESSIVE;
				CLANG_CXX_LANGUAGE_STANDARD = "gnu++14";
				CLANG_CXX_LIBRARY = "libc++";
				CLANG_ENABLE_MODULES = YES;
				CLANG_ENABLE_OBJC_ARC = YES;
				CLANG_ENABLE_OBJC_WEAK = YES;
				CLANG_WARN_BLOCK_CAPTURE_AUTORELEASING = YES;
				CLANG_WARN_BOOL_CONVERSION = YES;
				CLANG_WARN_COMMA = YES;
				CLANG_WARN_CONSTANT_CONVERSION = YES;
				CLANG_WARN_DEPRECATED_OBJC_IMPLEMENTATIONS = YES;
				CLANG_WARN_DIRECT_OBJC_ISA_USAGE = YES_ERROR;
				CLANG_WARN_DOCUMENTATION_COMMENTS = YES;
				CLANG_WARN_EMPTY_BODY = YES;
				CLANG_WARN_ENUM_CONVERSION = YES;
				CLANG_WARN_INFINITE_RECURSION = YES;
				CLANG_WARN_INT_CONVERSION = YES;
				CLANG_WARN_NON_LITERAL_NULL_CONVERSION = YES;
				CLANG_WARN_OBJC_IMPLICIT_RETAIN_SELF = YES;
				CLANG_WARN_OBJC_LITERAL_CONVERSION = YES;
				CLANG_WARN_OBJC_ROOT_CLASS = YES_ERROR;
				CLANG_WARN_RANGE_LOOP_ANALYSIS = YES;
				CLANG_WARN_STRICT_PROTOTYPES = YES;
				CLANG_WARN_SUSPICIOUS_MOVE = YES;
				CLANG_WARN_UNGUARDED_AVAILABILITY = YES_AGGRESSIVE;
				CLANG_WARN_UNREACHABLE_CODE = YES;
				CLANG_WARN__DUPLICATE_METHOD_MATCH = YES;
				COPY_PHASE_STRIP = NO;
				DEBUG_INFORMATION_FORMAT = "dwarf-with-dsym";
				ENABLE_NS_ASSERTIONS = NO;
				ENABLE_STRICT_OBJC_MSGSEND = YES;
				GCC_C_LANGUAGE_STANDARD = gnu11;
				GCC_NO_COMMON_BLOCKS = YES;
				GCC_WARN_64_TO_32_BIT_CONVERSION = YES;
				GCC_WARN_ABOUT_RETURN_TYPE = YES_ERROR;
				GCC_WARN_UNDECLARED_SELECTOR = YES;
				GCC_WARN_UNINITIALIZED_AUTOS = YES_AGGRESSIVE;
				GCC_WARN_UNUSED_FUNCTION = YES;
				GCC_WARN_UNUSED_VARIABLE = YES;
				IPHONEOS_DEPLOYMENT_TARGET = 13.2;
				MTL_ENABLE_DEBUG_INFO = NO;
				MTL_FAST_MATH = YES;
				SDKROOT = iphoneos;
				SWIFT_COMPILATION_MODE = wholemodule;
				SWIFT_OPTIMIZATION_LEVEL = "-O";
				VALIDATE_PRODUCT = YES;
			};
			name = Release;
		};
		0919478F2407BB7800463E81 /* Debug */ = {
			isa = XCBuildConfiguration;
			baseConfigurationReference = 27DE33BCD9B43F9EBE142C96 /* Pods-Smack.debug.xcconfig */;
			buildSettings = {
				ASSETCATALOG_COMPILER_APPICON_NAME = AppIcon;
				CLANG_ENABLE_MODULES = YES;
				CODE_SIGN_STYLE = Automatic;
				INFOPLIST_FILE = Smack/Info.plist;
				LD_RUNPATH_SEARCH_PATHS = (
					"$(inherited)",
					"@executable_path/Frameworks",
				);
				PRODUCT_BUNDLE_IDENTIFIER = com.bilgutei.Smack;
				PRODUCT_NAME = "$(TARGET_NAME)";
				SWIFT_OBJC_BRIDGING_HEADER = "Smack/Supporting Files/Smack-Bridging-Header.h";
				SWIFT_OPTIMIZATION_LEVEL = "-Onone";
				SWIFT_VERSION = 5.0;
				TARGETED_DEVICE_FAMILY = "1,2";
			};
			name = Debug;
		};
		091947902407BB7800463E81 /* Release */ = {
			isa = XCBuildConfiguration;
			baseConfigurationReference = 750B3BA64C8BAC4889D01F5F /* Pods-Smack.release.xcconfig */;
			buildSettings = {
				ASSETCATALOG_COMPILER_APPICON_NAME = AppIcon;
				CLANG_ENABLE_MODULES = YES;
				CODE_SIGN_STYLE = Automatic;
				INFOPLIST_FILE = Smack/Info.plist;
				LD_RUNPATH_SEARCH_PATHS = (
					"$(inherited)",
					"@executable_path/Frameworks",
				);
				PRODUCT_BUNDLE_IDENTIFIER = com.bilgutei.Smack;
				PRODUCT_NAME = "$(TARGET_NAME)";
				SWIFT_OBJC_BRIDGING_HEADER = "Smack/Supporting Files/Smack-Bridging-Header.h";
				SWIFT_VERSION = 5.0;
				TARGETED_DEVICE_FAMILY = "1,2";
			};
			name = Release;
		};
/* End XCBuildConfiguration section */

/* Begin XCConfigurationList section */
		091947752407BB7500463E81 /* Build configuration list for PBXProject "Smack" */ = {
			isa = XCConfigurationList;
			buildConfigurations = (
				0919478C2407BB7800463E81 /* Debug */,
				0919478D2407BB7800463E81 /* Release */,
			);
			defaultConfigurationIsVisible = 0;
			defaultConfigurationName = Release;
		};
		0919478E2407BB7800463E81 /* Build configuration list for PBXNativeTarget "Smack" */ = {
			isa = XCConfigurationList;
			buildConfigurations = (
				0919478F2407BB7800463E81 /* Debug */,
				091947902407BB7800463E81 /* Release */,
			);
			defaultConfigurationIsVisible = 0;
			defaultConfigurationName = Release;
		};
/* End XCConfigurationList section */
	};
	rootObject = 091947722407BB7500463E81 /* Project object */;
}
